# This file is automatically @generated by Cargo.
# It is not intended for manual editing.
version = 3

[[package]]
name = "ca-certificates"
version = "0.1.0"

[[package]]
name = "growpart"
version = "0.0.0"

[[package]]
name = "grub"
version = "0.1.0"

[[package]]
name = "kernel-5_4_119"
version = "0.1.0"

[[package]]
name = "kernel-5_4_87"
version = "0.1.0"

[[package]]
name = "libstd-rust"
version = "0.1.0"

[[package]]
name = "release"
version = "0.0.0"
dependencies = [
 "ca-certificates",
 "growpart",
 "grub",
 "libstd-rust",
]
